
Microsoft Visual Studio Solution File, Format Version 9.00
# Visual Studio 2005
Project("{FAE04EC0-301F-11D3-BF4B-00C04F79EFBC}") = "String Handling", "String Handling\String Handling.csproj", "{FECCA50F-C273-4D1D-86D0-FFCA1FD27271}"
EndProject
Global
	GlobalSection(SolutionConfigurationPlatforms) = preSolution
		Debug|Any CPU = Debug|Any CPU
		Release|Any CPU = Release|Any CPU
	EndGlobalSection
	GlobalSection(ProjectConfigurationPlatforms) = postSolution
		{FECCA50F-C273-4D1D-86D0-FFCA1FD27271}.Debug|Any CPU.ActiveCfg = Debug|Any CPU
		{FECCA50F-C273-4D1D-86D0-FFCA1FD27271}.Debug|Any CPU.Build.0 = Debug|Any CPU
		{FECCA50F-C273-4D1D-86D0-FFCA1FD27271}.Release|Any CPU.ActiveCfg = Release|Any CPU
		{FECCA50F-C273-4D1D-86D0-FFCA1FD27271}.Release|Any CPU.Build.0 = Release|Any CPU
	EndGlobalSection
	GlobalSection(SolutionProperties) = preSolution
		HideSolutionNode = FALSE
	EndGlobalSection
EndGlobal
